
Microsoft Visual Studio Solution File, Format Version 12.00
# Visual Studio Version 16
VisualStudioVersion = 16.0.31025.194
MinimumVisualStudioVersion = 10.0.40219.1
Project("{FAE04EC0-301F-11D3-BF4B-00C04F79EFBC}") = "Jogo da Velha - DESKTOP", "Jogo da Velha - DESKTOP\Jogo da Velha - DESKTOP.csproj", "{B78F1A5C-62A3-45BF-9C1C-A67341A49DEE}"
EndProject
Global
	GlobalSection(SolutionConfigurationPlatforms) = preSolution
		Debug|Any CPU = Debug|Any CPU
		Release|Any CPU = Release|Any CPU
	EndGlobalSection
	GlobalSection(ProjectConfigurationPlatforms) = postSolution
		{B78F1A5C-62A3-45BF-9C1C-A67341A49DEE}.Debug|Any CPU.ActiveCfg = Debug|Any CPU
		{B78F1A5C-62A3-45BF-9C1C-A67341A49DEE}.Debug|Any CPU.Build.0 = Debug|Any CPU
		{B78F1A5C-62A3-45BF-9C1C-A67341A49DEE}.Release|Any CPU.ActiveCfg = Release|Any CPU
		{B78F1A5C-62A3-45BF-9C1C-A67341A49DEE}.Release|Any CPU.Build.0 = Release|Any CPU
	EndGlobalSection
	GlobalSection(SolutionProperties) = preSolution
		HideSolutionNode = FALSE
	EndGlobalSection
	GlobalSection(ExtensibilityGlobals) = postSolution
		SolutionGuid = {C520915B-448F-4688-BE73-2482465E7034}
	EndGlobalSection
EndGlobal
